<?xml version="1.0" encoding="utf-8"?>
<Project ToolsVersion="4.0" xmlns="http://schemas.microsoft.com/developer/msbuild/2003">
  <ItemGroup>
    <Filter Include="math">
      <UniqueIdentifier>{bd74c58a-9a30-457f-a111-a315842643d7}</UniqueIdentifier>
    </Filter>
    <Filter Include="collections">
      <UniqueIdentifier>{ea9d6cf6-c77a-4945-ae06-69dec9e87976}</UniqueIdentifier>
    </Filter>
    <Filter Include="logging">
      <UniqueIdentifier>{770f49f9-1b7f-4db1-ab1e-5a62cae6b877}</UniqueIdentifier>
    </Filter>
  </ItemGroup>
  <ItemGroup>
    <ClInclude Include="..\..\include\core\math\Matrix3.hpp">
      <Filter>math</Filter>
    </ClInclude>
    <ClInclude Include="..\..\include\core\math\Matrix3x4.hpp">
      <Filter>math</Filter>
    </ClInclude>
    <ClInclude Include="..\..\include\core\math\Matrix4.hpp">
      <Filter>math</Filter>
    </ClInclude>
    <ClInclude Include="..\..\include\core\math\Precision.hpp">
      <Filter>math</Filter>
    </ClInclude>
    <ClInclude Include="..\..\include\core\math\Quaternion.hpp">
      <Filter>math</Filter>
    </ClInclude>
    <ClInclude Include="..\..\include\core\math\Transform.hpp">
      <Filter>math</Filter>
    </ClInclude>
    <ClInclude Include="..\..\include\core\math\Vector2.hpp">
      <Filter>math</Filter>
    </ClInclude>
    <ClInclude Include="..\..\include\core\math\Vector3.hpp">
      <Filter>math</Filter>
    </ClInclude>
    <ClInclude Include="..\..\include\core\collections\AlignedArray.hpp">
      <Filter>collections</Filter>
    </ClInclude>
    <ClInclude Include="..\..\include\core\logging\DebugUtils.hpp">
      <Filter>logging</Filter>
    </ClInclude>
  </ItemGroup>
</Project>