<?xml version="1.0" encoding="utf-8"?>
<Project ToolsVersion="4.0" xmlns="http://schemas.microsoft.com/developer/msbuild/2003">
  <ItemGroup>
    <Filter Include="Core">
      <UniqueIdentifier>{ddd121ba-0e9b-448c-b5d3-14b906ce4338}</UniqueIdentifier>
    </Filter>
    <Filter Include="Core\Math">
      <UniqueIdentifier>{17126c79-e5b3-43e6-9162-c87fb8080a13}</UniqueIdentifier>
    </Filter>
    <Filter Include="Setup">
      <UniqueIdentifier>{5872125e-2b2b-449e-a59b-e66610d487f7}</UniqueIdentifier>
    </Filter>
  </ItemGroup>
  <ItemGroup>
    <ClInclude Include="stdafx.h">
      <Filter>Setup</Filter>
    </ClInclude>
    <ClInclude Include="targetver.h">
      <Filter>Setup</Filter>
    </ClInclude>
  </ItemGroup>
  <ItemGroup>
    <ClCompile Include="stdafx.cpp">
      <Filter>Setup</Filter>
    </ClCompile>
    <ClCompile Include="Matrix3x4Test.cpp">
      <Filter>Core\Math</Filter>
    </ClCompile>
    <ClCompile Include="Matrix3Test.cpp">
      <Filter>Core\Math</Filter>
    </ClCompile>
    <ClCompile Include="Matrix4Test.cpp">
      <Filter>Core\Math</Filter>
    </ClCompile>
    <ClCompile Include="TransformTest.cpp">
      <Filter>Core\Math</Filter>
    </ClCompile>
  </ItemGroup>
</Project>