<?xml version="1.0" encoding="utf-8"?>
<Project ToolsVersion="4.0" xmlns="http://schemas.microsoft.com/developer/msbuild/2003">
  <ItemGroup>
    <Filter Include="Source Files">
      <UniqueIdentifier>{4FC737F1-C7A5-4376-A066-2A32D752A2FF}</UniqueIdentifier>
      <Extensions>cpp;c;cc;cxx;def;odl;idl;hpj;bat;asm;asmx</Extensions>
    </Filter>
    <Filter Include="Header Files">
      <UniqueIdentifier>{93995380-89BD-4b04-88EB-625FBE52EBFB}</UniqueIdentifier>
      <Extensions>h;hh;hpp;hxx;hm;inl;inc;xsd</Extensions>
    </Filter>
    <Filter Include="Resource Files">
      <UniqueIdentifier>{67DA6AB6-F800-4c08-8B7A-83BB121AAD01}</UniqueIdentifier>
      <Extensions>rc;ico;cur;bmp;dlg;rc2;rct;bin;rgs;gif;jpg;jpeg;jpe;resx;tiff;tif;png;wav;mfcribbon-ms</Extensions>
    </Filter>
    <Filter Include="Resource Files\ShaderFiles">
      <UniqueIdentifier>{633bc3eb-f58f-435d-bd36-7793351d0f41}</UniqueIdentifier>
    </Filter>
    <Filter Include="Core">
      <UniqueIdentifier>{e0843cb6-078a-4537-adea-3752e8efabed}</UniqueIdentifier>
    </Filter>
    <Filter Include="Core\Math">
      <UniqueIdentifier>{096b4400-d5ee-4ba4-a38f-e46b6dc08ae2}</UniqueIdentifier>
    </Filter>
  </ItemGroup>
  <ItemGroup>
    <ClCompile Include="ProTime.cpp">
      <Filter>Source Files</Filter>
    </ClCompile>
    <ClCompile Include="ProShader.cpp">
      <Filter>Source Files</Filter>
    </ClCompile>
    <ClCompile Include="ProResourceLoader.cpp">
      <Filter>Source Files</Filter>
    </ClCompile>
    <ClCompile Include="ProRenderUtil.cpp">
      <Filter>Source Files</Filter>
    </ClCompile>
    <ClCompile Include="ProMesh.cpp">
      <Filter>Source Files</Filter>
    </ClCompile>
    <ClCompile Include="ProInputHandler.cpp">
      <Filter>Source Files</Filter>
    </ClCompile>
    <ClCompile Include="ProDisplayManager.cpp">
      <Filter>Source Files</Filter>
    </ClCompile>
    <ClCompile Include="mainApp.cpp">
      <Filter>Source Files</Filter>
    </ClCompile>
    <ClCompile Include="gameApp.cpp">
      <Filter>Source Files</Filter>
    </ClCompile>
    <ClCompile Include="main.cpp">
      <Filter>Source Files</Filter>
    </ClCompile>
  </ItemGroup>
  <ItemGroup>
    <ClInclude Include="gameApp.h">
      <Filter>Header Files</Filter>
    </ClInclude>
    <ClInclude Include="mainApp.h">
      <Filter>Header Files</Filter>
    </ClInclude>
    <ClInclude Include="ProDisplayManager.h">
      <Filter>Header Files</Filter>
    </ClInclude>
    <ClInclude Include="ProInputHandler.h">
      <Filter>Header Files</Filter>
    </ClInclude>
    <ClInclude Include="ProMesh.h">
      <Filter>Header Files</Filter>
    </ClInclude>
    <ClInclude Include="ProRenderUtil.h">
      <Filter>Header Files</Filter>
    </ClInclude>
    <ClInclude Include="ProResourceLoader.h">
      <Filter>Header Files</Filter>
    </ClInclude>
    <ClInclude Include="ProShader.h">
      <Filter>Header Files</Filter>
    </ClInclude>
    <ClInclude Include="ProTime.h">
      <Filter>Header Files</Filter>
    </ClInclude>
    <ClInclude Include="ProVertex.h">
      <Filter>Header Files</Filter>
    </ClInclude>
    <ClInclude Include="..\include\core\math\ProMatrix3.hpp">
      <Filter>Core\Math</Filter>
    </ClInclude>
    <ClInclude Include="..\include\core\math\ProMatrix3x4.hpp">
      <Filter>Core\Math</Filter>
    </ClInclude>
    <ClInclude Include="..\include\core\math\ProMatrix4.hpp">
      <Filter>Core\Math</Filter>
    </ClInclude>
    <ClInclude Include="..\include\core\math\ProPrecision.hpp">
      <Filter>Core\Math</Filter>
    </ClInclude>
    <ClInclude Include="..\include\core\math\ProQuaternion.hpp">
      <Filter>Core\Math</Filter>
    </ClInclude>
    <ClInclude Include="..\include\core\math\ProTransform.hpp">
      <Filter>Core\Math</Filter>
    </ClInclude>
    <ClInclude Include="..\include\core\math\ProVector2.hpp">
      <Filter>Core\Math</Filter>
    </ClInclude>
    <ClInclude Include="..\include\core\math\ProVector3.hpp">
      <Filter>Core\Math</Filter>
    </ClInclude>
  </ItemGroup>
  <ItemGroup>
    <None Include="..\res\shaders\basicShader.fs">
      <Filter>Resource Files\ShaderFiles</Filter>
    </None>
    <None Include="..\res\shaders\basicShader.vs">
      <Filter>Resource Files\ShaderFiles</Filter>
    </None>
  </ItemGroup>
</Project>